// !$*UTF8*$!
{
	archiveVersion = 1;
	classes = {
	};
	objectVersion = 52;
	objects = {

/* Begin PBXBuildFile section */
		8E192DD327032C2800AD1249 /* ImageProperties.swift in Sources */ = {isa = PBXBuildFile; fileRef = 8E192DD227032C2800AD1249 /* ImageProperties.swift */; };
		8E47BACF2726A8B3001C18A6 /* CustomButtonDelete.swift in Sources */ = {isa = PBXBuildFile; fileRef = 8E47BACE2726A8B3001C18A6 /* CustomButtonDelete.swift */; };
		8E492C0A26DF6983002FAF8C /* MoviesTableViewDataSource.swift in Sources */ = {isa = PBXBuildFile; fileRef = 8E492C0926DF6983002FAF8C /* MoviesTableViewDataSource.swift */; };
		8E492C0D26DF6994002FAF8C /* MoviesTableViewCell.swift in Sources */ = {isa = PBXBuildFile; fileRef = 8E492C0C26DF6994002FAF8C /* MoviesTableViewCell.swift */; };
		8E492C1426DF69E3002FAF8C /* EndPoint.swift in Sources */ = {isa = PBXBuildFile; fileRef = 8E492C1326DF69E3002FAF8C /* EndPoint.swift */; };
		8E492C1E26E0C2DD002FAF8C /* MoviesTableViewDelegate.swift in Sources */ = {isa = PBXBuildFile; fileRef = 8E492C1D26E0C2DD002FAF8C /* MoviesTableViewDelegate.swift */; };
		8E492C2526E22DE2002FAF8C /* CategoryCollectionViewViewController.swift in Sources */ = {isa = PBXBuildFile; fileRef = 8E492C2426E22DE2002FAF8C /* CategoryCollectionViewViewController.swift */; };
		8E492C2826E22FA7002FAF8C /* CategoryCollectionViewDataSource.swift in Sources */ = {isa = PBXBuildFile; fileRef = 8E492C2726E22FA7002FAF8C /* CategoryCollectionViewDataSource.swift */; };
		8E492C2B26E74097002FAF8C /* CategoryCollectionViewCell.swift in Sources */ = {isa = PBXBuildFile; fileRef = 8E492C2A26E74097002FAF8C /* CategoryCollectionViewCell.swift */; };
		8E492C3826E7CB02002FAF8C /* MovieInfoViewController.swift in Sources */ = {isa = PBXBuildFile; fileRef = 8E492C3726E7CB02002FAF8C /* MovieInfoViewController.swift */; };
		8E492C4026E9FFF8002FAF8C /* Movie.swift in Sources */ = {isa = PBXBuildFile; fileRef = 8E492C3F26E9FFF8002FAF8C /* Movie.swift */; };
		8E492C4326EB406C002FAF8C /* TransitionAnimator.swift in Sources */ = {isa = PBXBuildFile; fileRef = 8E492C4226EB406C002FAF8C /* TransitionAnimator.swift */; };
		8E492C4926EF40E0002FAF8C /* GenresResponse.swift in Sources */ = {isa = PBXBuildFile; fileRef = 8E492C4826EF40E0002FAF8C /* GenresResponse.swift */; };
		8E492C4C26EF414E002FAF8C /* GenreResponse.swift in Sources */ = {isa = PBXBuildFile; fileRef = 8E492C4B26EF414E002FAF8C /* GenreResponse.swift */; };
		8E4A87D326D7A1D3001985FA /* AppDelegate.swift in Sources */ = {isa = PBXBuildFile; fileRef = 8E4A87D226D7A1D3001985FA /* AppDelegate.swift */; };
		8E4A87D526D7A1D3001985FA /* SceneDelegate.swift in Sources */ = {isa = PBXBuildFile; fileRef = 8E4A87D426D7A1D3001985FA /* SceneDelegate.swift */; };
		8E4A87D726D7A1D3001985FA /* MoviesTableViewViewController.swift in Sources */ = {isa = PBXBuildFile; fileRef = 8E4A87D626D7A1D3001985FA /* MoviesTableViewViewController.swift */; };
		8E4A87DC26D7A1E2001985FA /* Assets.xcassets in Resources */ = {isa = PBXBuildFile; fileRef = 8E4A87DB26D7A1E2001985FA /* Assets.xcassets */; };
		8E4A87DF26D7A1E2001985FA /* LaunchScreen.storyboard in Resources */ = {isa = PBXBuildFile; fileRef = 8E4A87DD26D7A1E2001985FA /* LaunchScreen.storyboard */; };
		8E56E40226F3779A001ADF70 /* SearchMoviesViewController.swift in Sources */ = {isa = PBXBuildFile; fileRef = 8E56E40126F3779A001ADF70 /* SearchMoviesViewController.swift */; };
		8E56E40426F38171001ADF70 /* RootTabBarViewController.swift in Sources */ = {isa = PBXBuildFile; fileRef = 8E56E40326F38171001ADF70 /* RootTabBarViewController.swift */; };
		8E56E40726F48B27001ADF70 /* SearchMoviesTableViewDataSource.swift in Sources */ = {isa = PBXBuildFile; fileRef = 8E56E40626F48B27001ADF70 /* SearchMoviesTableViewDataSource.swift */; };
		8E56E40926F48B86001ADF70 /* SearchMoviesTableViewCell.swift in Sources */ = {isa = PBXBuildFile; fileRef = 8E56E40826F48B86001ADF70 /* SearchMoviesTableViewCell.swift */; };
		8E8C85B627229C9500B063F6 /* SuggestionEntity.swift in Sources */ = {isa = PBXBuildFile; fileRef = 8E8C85B527229C9500B063F6 /* SuggestionEntity.swift */; };
		8E8C85BA2722ACC300B063F6 /* RecentSearchSuggestionsTableViewDelegate.swift in Sources */ = {isa = PBXBuildFile; fileRef = 8E8C85B92722ACC300B063F6 /* RecentSearchSuggestionsTableViewDelegate.swift */; };
		8E9357C6271593A0000EB3E5 /* SearchMovieView.swift in Sources */ = {isa = PBXBuildFile; fileRef = 8E9357C5271593A0000EB3E5 /* SearchMovieView.swift */; };
		8E9357C8271597F9000EB3E5 /* CategoryCollectionView.swift in Sources */ = {isa = PBXBuildFile; fileRef = 8E9357C7271597F9000EB3E5 /* CategoryCollectionView.swift */; };
		8E9357CA27159813000EB3E5 /* GenreChipsCollectionView.swift in Sources */ = {isa = PBXBuildFile; fileRef = 8E9357C927159813000EB3E5 /* GenreChipsCollectionView.swift */; };
		8E9357CE2715A22A000EB3E5 /* MoviesTableView.swift in Sources */ = {isa = PBXBuildFile; fileRef = 8E9357CD2715A22A000EB3E5 /* MoviesTableView.swift */; };
		8E9357D12715A51C000EB3E5 /* MovieInfoView.swift in Sources */ = {isa = PBXBuildFile; fileRef = 8E9357D02715A51C000EB3E5 /* MovieInfoView.swift */; };
		8E9357D32716D17F000EB3E5 /* GenrePickerViewControllerDataSource.swift in Sources */ = {isa = PBXBuildFile; fileRef = 8E9357D22716D17F000EB3E5 /* GenrePickerViewControllerDataSource.swift */; };
		8E9357D52716D67D000EB3E5 /* MoviesCollectionView.swift in Sources */ = {isa = PBXBuildFile; fileRef = 8E9357D42716D67D000EB3E5 /* MoviesCollectionView.swift */; };
		8E9357DD271F11B5000EB3E5 /* TestGenrePicking.swift in Sources */ = {isa = PBXBuildFile; fileRef = 8E9357DC271F11B5000EB3E5 /* TestGenrePicking.swift */; };
		8E9743C82727FB3000FCD337 /* RealmWriteTransactionHelper.swift in Sources */ = {isa = PBXBuildFile; fileRef = 8E9743C72727FB3000FCD337 /* RealmWriteTransactionHelper.swift */; };
		8E9743CA2728419200FCD337 /* ApiResponseCustomError.swift in Sources */ = {isa = PBXBuildFile; fileRef = 8E9743C92728419200FCD337 /* ApiResponseCustomError.swift */; };
		8E9743CC272FE77F00FCD337 /* ImageLoadingHelper.swift in Sources */ = {isa = PBXBuildFile; fileRef = 8E9743CB272FE77F00FCD337 /* ImageLoadingHelper.swift */; };
		8E9743CE273017C000FCD337 /* ThumbnailCell.swift in Sources */ = {isa = PBXBuildFile; fileRef = 8E9743CD273017C000FCD337 /* ThumbnailCell.swift */; };
		8E99FEDB2704B2E0001DC33F /* InitialTransitionAnimatableContent.swift in Sources */ = {isa = PBXBuildFile; fileRef = 8E99FEDA2704B2E0001DC33F /* InitialTransitionAnimatableContent.swift */; };
		8E99FEDE2705F58D001DC33F /* Realm in Frameworks */ = {isa = PBXBuildFile; productRef = 8E99FEDD2705F58D001DC33F /* Realm */; };
		8E99FEE02705F58D001DC33F /* RealmSwift in Frameworks */ = {isa = PBXBuildFile; productRef = 8E99FEDF2705F58D001DC33F /* RealmSwift */; };
		8E99FEE32705FA9B001DC33F /* MovieEntity.swift in Sources */ = {isa = PBXBuildFile; fileRef = 8E99FEE22705FA9B001DC33F /* MovieEntity.swift */; };
		8E99FEE52706F082001DC33F /* SavedMoviesViewController.swift in Sources */ = {isa = PBXBuildFile; fileRef = 8E99FEE42706F082001DC33F /* SavedMoviesViewController.swift */; };
		8E99FEE82706F294001DC33F /* SavedMoviesCollectionViewDataSource.swift in Sources */ = {isa = PBXBuildFile; fileRef = 8E99FEE72706F294001DC33F /* SavedMoviesCollectionViewDataSource.swift */; };
		8E99FEEE270C65D8001DC33F /* FooterIndicator.swift in Sources */ = {isa = PBXBuildFile; fileRef = 8E99FEED270C65D8001DC33F /* FooterIndicator.swift */; };
		8E99FEF0270EF02B001DC33F /* PresentedTransitionAnimatableContent.swift in Sources */ = {isa = PBXBuildFile; fileRef = 8E99FEEF270EF02B001DC33F /* PresentedTransitionAnimatableContent.swift */; };
		8E99FEF3270F3CA1001DC33F /* TransitioningDelegate.swift in Sources */ = {isa = PBXBuildFile; fileRef = 8E99FEF2270F3CA1001DC33F /* TransitioningDelegate.swift */; };
		8E99FEF527109A4B001DC33F /* Link.swift in Sources */ = {isa = PBXBuildFile; fileRef = 8E99FEF427109A4B001DC33F /* Link.swift */; };
		8E99FEF82710A7E6001DC33F /* MoviesTableViewHeader.swift in Sources */ = {isa = PBXBuildFile; fileRef = 8E99FEF72710A7E6001DC33F /* MoviesTableViewHeader.swift */; };
		8E9F27C426D7CE4C00E60D9F /* MovieResponse.swift in Sources */ = {isa = PBXBuildFile; fileRef = 8E9F27C326D7CE4C00E60D9F /* MovieResponse.swift */; };
		8E9F27CA26D7D5C500E60D9F /* Secrets.swift in Sources */ = {isa = PBXBuildFile; fileRef = 8E9F27C926D7D5C500E60D9F /* Secrets.swift */; };
		8E9F27E526D901A000E60D9F /* MoviesResponse.swift in Sources */ = {isa = PBXBuildFile; fileRef = 8E9F27E426D901A000E60D9F /* MoviesResponse.swift */; };
		8E9F27EF26DB6E8100E60D9F /* MoviesCollectionViewCell.swift in Sources */ = {isa = PBXBuildFile; fileRef = 8E9F27EE26DB6E8100E60D9F /* MoviesCollectionViewCell.swift */; };
		8E9F27F226DCD0B900E60D9F /* MoviesCollectionViewDataSource.swift in Sources */ = {isa = PBXBuildFile; fileRef = 8E9F27F126DCD0B900E60D9F /* MoviesCollectionViewDataSource.swift */; };
		8E9F27F726DD0C3B00E60D9F /* MoviesService.swift in Sources */ = {isa = PBXBuildFile; fileRef = 8E9F27F626DD0C3B00E60D9F /* MoviesService.swift */; };
		8EAEFCB127202D8B0016F325 /* GenrePickerHelper.swift in Sources */ = {isa = PBXBuildFile; fileRef = 8EAEFCB027202D8B0016F325 /* GenrePickerHelper.swift */; };
		8EAEFCB9272040030016F325 /* FilterMoviesTest.swift in Sources */ = {isa = PBXBuildFile; fileRef = 8EAEFCB8272040030016F325 /* FilterMoviesTest.swift */; };
		8EAEFCC1272049ED0016F325 /* FilterHelper.swift in Sources */ = {isa = PBXBuildFile; fileRef = 8EAEFCC0272049ED0016F325 /* FilterHelper.swift */; };
		8EAEFCC92721A7F80016F325 /* MoviefyUITests.swift in Sources */ = {isa = PBXBuildFile; fileRef = 8EAEFCC82721A7F80016F325 /* MoviefyUITests.swift */; };
		8EAEFCD12721B4A00016F325 /* RecentSearchSuggestionsDataSource.swift in Sources */ = {isa = PBXBuildFile; fileRef = 8EAEFCD02721B4A00016F325 /* RecentSearchSuggestionsDataSource.swift */; };
		8EAEFCD32721B52C0016F325 /* RecentSearchSuggestionsTableViewCell.swift in Sources */ = {isa = PBXBuildFile; fileRef = 8EAEFCD22721B52C0016F325 /* RecentSearchSuggestionsTableViewCell.swift */; };
		8EE4A86526FDF46C00388877 /* GenrePickerVIewController.swift in Sources */ = {isa = PBXBuildFile; fileRef = 8EE4A86426FDF46C00388877 /* GenrePickerVIewController.swift */; };
		8EE7782926FC855900C98DA5 /* GenreChipsCollectionViewDataSource.swift in Sources */ = {isa = PBXBuildFile; fileRef = 8EE7782826FC855900C98DA5 /* GenreChipsCollectionViewDataSource.swift */; };
		8EE7782B26FC8B7F00C98DA5 /* GenreChipsCollectionViewCell.swift in Sources */ = {isa = PBXBuildFile; fileRef = 8EE7782A26FC8B7F00C98DA5 /* GenreChipsCollectionViewCell.swift */; };
		8EE7782E26FC9B6300C98DA5 /* GenreChipsView.swift in Sources */ = {isa = PBXBuildFile; fileRef = 8EE7782D26FC9B6300C98DA5 /* GenreChipsView.swift */; };
/* End PBXBuildFile section */

/* Begin PBXContainerItemProxy section */
		8E9357DF271F11B5000EB3E5 /* PBXContainerItemProxy */ = {
			isa = PBXContainerItemProxy;
			containerPortal = 8E4A87C726D7A1D3001985FA /* Project object */;
			proxyType = 1;
			remoteGlobalIDString = 8E4A87CE26D7A1D3001985FA;
			remoteInfo = Moviefy;
		};
		8EAEFCBB272040030016F325 /* PBXContainerItemProxy */ = {
			isa = PBXContainerItemProxy;
			containerPortal = 8E4A87C726D7A1D3001985FA /* Project object */;
			proxyType = 1;
			remoteGlobalIDString = 8E4A87CE26D7A1D3001985FA;
			remoteInfo = Moviefy;
		};
		8EAEFCCB2721A7F80016F325 /* PBXContainerItemProxy */ = {
			isa = PBXContainerItemProxy;
			containerPortal = 8E4A87C726D7A1D3001985FA /* Project object */;
			proxyType = 1;
			remoteGlobalIDString = 8E4A87CE26D7A1D3001985FA;
			remoteInfo = Moviefy;
		};
/* End PBXContainerItemProxy section */

/* Begin PBXFileReference section */
		8E192DD227032C2800AD1249 /* ImageProperties.swift */ = {isa = PBXFileReference; lastKnownFileType = sourcecode.swift; path = ImageProperties.swift; sourceTree = "<group>"; };
		8E47BACE2726A8B3001C18A6 /* CustomButtonDelete.swift */ = {isa = PBXFileReference; lastKnownFileType = sourcecode.swift; path = CustomButtonDelete.swift; sourceTree = "<group>"; };
		8E492C0926DF6983002FAF8C /* MoviesTableViewDataSource.swift */ = {isa = PBXFileReference; lastKnownFileType = sourcecode.swift; path = MoviesTableViewDataSource.swift; sourceTree = "<group>"; };
		8E492C0C26DF6994002FAF8C /* MoviesTableViewCell.swift */ = {isa = PBXFileReference; lastKnownFileType = sourcecode.swift; path = MoviesTableViewCell.swift; sourceTree = "<group>"; };
		8E492C1326DF69E3002FAF8C /* EndPoint.swift */ = {isa = PBXFileReference; lastKnownFileType = sourcecode.swift; path = EndPoint.swift; sourceTree = "<group>"; };
		8E492C1D26E0C2DD002FAF8C /* MoviesTableViewDelegate.swift */ = {isa = PBXFileReference; lastKnownFileType = sourcecode.swift; path = MoviesTableViewDelegate.swift; sourceTree = "<group>"; };
		8E492C2426E22DE2002FAF8C /* CategoryCollectionViewViewController.swift */ = {isa = PBXFileReference; lastKnownFileType = sourcecode.swift; path = CategoryCollectionViewViewController.swift; sourceTree = "<group>"; };
		8E492C2726E22FA7002FAF8C /* CategoryCollectionViewDataSource.swift */ = {isa = PBXFileReference; lastKnownFileType = sourcecode.swift; path = CategoryCollectionViewDataSource.swift; sourceTree = "<group>"; };
		8E492C2A26E74097002FAF8C /* CategoryCollectionViewCell.swift */ = {isa = PBXFileReference; lastKnownFileType = sourcecode.swift; path = CategoryCollectionViewCell.swift; sourceTree = "<group>"; };
		8E492C3726E7CB02002FAF8C /* MovieInfoViewController.swift */ = {isa = PBXFileReference; lastKnownFileType = sourcecode.swift; path = MovieInfoViewController.swift; sourceTree = "<group>"; };
		8E492C3F26E9FFF8002FAF8C /* Movie.swift */ = {isa = PBXFileReference; lastKnownFileType = sourcecode.swift; path = Movie.swift; sourceTree = "<group>"; };
		8E492C4226EB406C002FAF8C /* TransitionAnimator.swift */ = {isa = PBXFileReference; lastKnownFileType = sourcecode.swift; path = TransitionAnimator.swift; sourceTree = "<group>"; };
		8E492C4826EF40E0002FAF8C /* GenresResponse.swift */ = {isa = PBXFileReference; lastKnownFileType = sourcecode.swift; path = GenresResponse.swift; sourceTree = "<group>"; };
		8E492C4B26EF414E002FAF8C /* GenreResponse.swift */ = {isa = PBXFileReference; lastKnownFileType = sourcecode.swift; path = GenreResponse.swift; sourceTree = "<group>"; };
		8E4A87CF26D7A1D3001985FA /* Moviefy.app */ = {isa = PBXFileReference; explicitFileType = wrapper.application; includeInIndex = 0; path = Moviefy.app; sourceTree = BUILT_PRODUCTS_DIR; };
		8E4A87D226D7A1D3001985FA /* AppDelegate.swift */ = {isa = PBXFileReference; lastKnownFileType = sourcecode.swift; path = AppDelegate.swift; sourceTree = "<group>"; };
		8E4A87D426D7A1D3001985FA /* SceneDelegate.swift */ = {isa = PBXFileReference; lastKnownFileType = sourcecode.swift; path = SceneDelegate.swift; sourceTree = "<group>"; };
		8E4A87D626D7A1D3001985FA /* MoviesTableViewViewController.swift */ = {isa = PBXFileReference; lastKnownFileType = sourcecode.swift; path = MoviesTableViewViewController.swift; sourceTree = "<group>"; };
		8E4A87DB26D7A1E2001985FA /* Assets.xcassets */ = {isa = PBXFileReference; lastKnownFileType = folder.assetcatalog; path = Assets.xcassets; sourceTree = "<group>"; };
		8E4A87DE26D7A1E2001985FA /* Base */ = {isa = PBXFileReference; lastKnownFileType = file.storyboard; name = Base; path = Base.lproj/LaunchScreen.storyboard; sourceTree = "<group>"; };
		8E4A87E026D7A1E2001985FA /* Info.plist */ = {isa = PBXFileReference; lastKnownFileType = text.plist.xml; path = Info.plist; sourceTree = "<group>"; };
		8E56E40126F3779A001ADF70 /* SearchMoviesViewController.swift */ = {isa = PBXFileReference; lastKnownFileType = sourcecode.swift; path = SearchMoviesViewController.swift; sourceTree = "<group>"; };
		8E56E40326F38171001ADF70 /* RootTabBarViewController.swift */ = {isa = PBXFileReference; lastKnownFileType = sourcecode.swift; path = RootTabBarViewController.swift; sourceTree = "<group>"; };
		8E56E40626F48B27001ADF70 /* SearchMoviesTableViewDataSource.swift */ = {isa = PBXFileReference; lastKnownFileType = sourcecode.swift; path = SearchMoviesTableViewDataSource.swift; sourceTree = "<group>"; };
		8E56E40826F48B86001ADF70 /* SearchMoviesTableViewCell.swift */ = {isa = PBXFileReference; lastKnownFileType = sourcecode.swift; path = SearchMoviesTableViewCell.swift; sourceTree = "<group>"; };
		8E8C85B527229C9500B063F6 /* SuggestionEntity.swift */ = {isa = PBXFileReference; lastKnownFileType = sourcecode.swift; path = SuggestionEntity.swift; sourceTree = "<group>"; };
		8E8C85B92722ACC300B063F6 /* RecentSearchSuggestionsTableViewDelegate.swift */ = {isa = PBXFileReference; lastKnownFileType = sourcecode.swift; path = RecentSearchSuggestionsTableViewDelegate.swift; sourceTree = "<group>"; };
		8E9357C5271593A0000EB3E5 /* SearchMovieView.swift */ = {isa = PBXFileReference; lastKnownFileType = sourcecode.swift; path = SearchMovieView.swift; sourceTree = "<group>"; };
		8E9357C7271597F9000EB3E5 /* CategoryCollectionView.swift */ = {isa = PBXFileReference; lastKnownFileType = sourcecode.swift; path = CategoryCollectionView.swift; sourceTree = "<group>"; };
		8E9357C927159813000EB3E5 /* GenreChipsCollectionView.swift */ = {isa = PBXFileReference; lastKnownFileType = sourcecode.swift; path = GenreChipsCollectionView.swift; sourceTree = "<group>"; };
		8E9357CD2715A22A000EB3E5 /* MoviesTableView.swift */ = {isa = PBXFileReference; lastKnownFileType = sourcecode.swift; path = MoviesTableView.swift; sourceTree = "<group>"; };
		8E9357D02715A51C000EB3E5 /* MovieInfoView.swift */ = {isa = PBXFileReference; lastKnownFileType = sourcecode.swift; path = MovieInfoView.swift; sourceTree = "<group>"; };
		8E9357D22716D17F000EB3E5 /* GenrePickerViewControllerDataSource.swift */ = {isa = PBXFileReference; lastKnownFileType = sourcecode.swift; path = GenrePickerViewControllerDataSource.swift; sourceTree = "<group>"; };
		8E9357D42716D67D000EB3E5 /* MoviesCollectionView.swift */ = {isa = PBXFileReference; fileEncoding = 4; lastKnownFileType = sourcecode.swift; name = MoviesCollectionView.swift; path = Moviefy/View/MoviesCollectionView/MoviesCollectionView.swift; sourceTree = SOURCE_ROOT; };
		8E9357DA271F11B5000EB3E5 /* GenrePickingTests.xctest */ = {isa = PBXFileReference; explicitFileType = wrapper.cfbundle; includeInIndex = 0; path = GenrePickingTests.xctest; sourceTree = BUILT_PRODUCTS_DIR; };
		8E9357DC271F11B5000EB3E5 /* TestGenrePicking.swift */ = {isa = PBXFileReference; lastKnownFileType = sourcecode.swift; path = TestGenrePicking.swift; sourceTree = "<group>"; };
		8E9357DE271F11B5000EB3E5 /* Info.plist */ = {isa = PBXFileReference; lastKnownFileType = text.plist.xml; path = Info.plist; sourceTree = "<group>"; };
		8E9743C72727FB3000FCD337 /* RealmWriteTransactionHelper.swift */ = {isa = PBXFileReference; lastKnownFileType = sourcecode.swift; path = RealmWriteTransactionHelper.swift; sourceTree = "<group>"; };
		8E9743C92728419200FCD337 /* ApiResponseCustomError.swift */ = {isa = PBXFileReference; lastKnownFileType = sourcecode.swift; path = ApiResponseCustomError.swift; sourceTree = "<group>"; };
		8E9743CB272FE77F00FCD337 /* ImageLoadingHelper.swift */ = {isa = PBXFileReference; lastKnownFileType = sourcecode.swift; path = ImageLoadingHelper.swift; sourceTree = "<group>"; };
		8E9743CD273017C000FCD337 /* ThumbnailCell.swift */ = {isa = PBXFileReference; lastKnownFileType = sourcecode.swift; path = ThumbnailCell.swift; sourceTree = "<group>"; };
		8E99FEDA2704B2E0001DC33F /* InitialTransitionAnimatableContent.swift */ = {isa = PBXFileReference; lastKnownFileType = sourcecode.swift; path = InitialTransitionAnimatableContent.swift; sourceTree = "<group>"; };
		8E99FEE22705FA9B001DC33F /* MovieEntity.swift */ = {isa = PBXFileReference; lastKnownFileType = sourcecode.swift; path = MovieEntity.swift; sourceTree = "<group>"; };
		8E99FEE42706F082001DC33F /* SavedMoviesViewController.swift */ = {isa = PBXFileReference; lastKnownFileType = sourcecode.swift; path = SavedMoviesViewController.swift; sourceTree = "<group>"; };
		8E99FEE72706F294001DC33F /* SavedMoviesCollectionViewDataSource.swift */ = {isa = PBXFileReference; lastKnownFileType = sourcecode.swift; path = SavedMoviesCollectionViewDataSource.swift; sourceTree = "<group>"; };
		8E99FEED270C65D8001DC33F /* FooterIndicator.swift */ = {isa = PBXFileReference; lastKnownFileType = sourcecode.swift; path = FooterIndicator.swift; sourceTree = "<group>"; };
		8E99FEEF270EF02B001DC33F /* PresentedTransitionAnimatableContent.swift */ = {isa = PBXFileReference; lastKnownFileType = sourcecode.swift; path = PresentedTransitionAnimatableContent.swift; sourceTree = "<group>"; };
		8E99FEF2270F3CA1001DC33F /* TransitioningDelegate.swift */ = {isa = PBXFileReference; lastKnownFileType = sourcecode.swift; path = TransitioningDelegate.swift; sourceTree = "<group>"; };
		8E99FEF427109A4B001DC33F /* Link.swift */ = {isa = PBXFileReference; lastKnownFileType = sourcecode.swift; path = Link.swift; sourceTree = "<group>"; };
		8E99FEF72710A7E6001DC33F /* MoviesTableViewHeader.swift */ = {isa = PBXFileReference; lastKnownFileType = sourcecode.swift; path = MoviesTableViewHeader.swift; sourceTree = "<group>"; };
		8E9F27C326D7CE4C00E60D9F /* MovieResponse.swift */ = {isa = PBXFileReference; lastKnownFileType = sourcecode.swift; path = MovieResponse.swift; sourceTree = "<group>"; };
		8E9F27C926D7D5C500E60D9F /* Secrets.swift */ = {isa = PBXFileReference; lastKnownFileType = sourcecode.swift; path = Secrets.swift; sourceTree = "<group>"; };
		8E9F27E426D901A000E60D9F /* MoviesResponse.swift */ = {isa = PBXFileReference; lastKnownFileType = sourcecode.swift; path = MoviesResponse.swift; sourceTree = "<group>"; };
		8E9F27EE26DB6E8100E60D9F /* MoviesCollectionViewCell.swift */ = {isa = PBXFileReference; lastKnownFileType = sourcecode.swift; path = MoviesCollectionViewCell.swift; sourceTree = "<group>"; };
		8E9F27F126DCD0B900E60D9F /* MoviesCollectionViewDataSource.swift */ = {isa = PBXFileReference; lastKnownFileType = sourcecode.swift; path = MoviesCollectionViewDataSource.swift; sourceTree = "<group>"; };
		8E9F27F626DD0C3B00E60D9F /* MoviesService.swift */ = {isa = PBXFileReference; lastKnownFileType = sourcecode.swift; path = MoviesService.swift; sourceTree = "<group>"; };
		8EAEFCB027202D8B0016F325 /* GenrePickerHelper.swift */ = {isa = PBXFileReference; lastKnownFileType = sourcecode.swift; path = GenrePickerHelper.swift; sourceTree = "<group>"; };
		8EAEFCB6272040030016F325 /* FilterMoviesTest.xctest */ = {isa = PBXFileReference; explicitFileType = wrapper.cfbundle; includeInIndex = 0; path = FilterMoviesTest.xctest; sourceTree = BUILT_PRODUCTS_DIR; };
		8EAEFCB8272040030016F325 /* FilterMoviesTest.swift */ = {isa = PBXFileReference; lastKnownFileType = sourcecode.swift; path = FilterMoviesTest.swift; sourceTree = "<group>"; };
		8EAEFCBA272040030016F325 /* Info.plist */ = {isa = PBXFileReference; lastKnownFileType = text.plist.xml; path = Info.plist; sourceTree = "<group>"; };
		8EAEFCC0272049ED0016F325 /* FilterHelper.swift */ = {isa = PBXFileReference; lastKnownFileType = sourcecode.swift; path = FilterHelper.swift; sourceTree = "<group>"; };
		8EAEFCC62721A7F80016F325 /* MoviefyUITests.xctest */ = {isa = PBXFileReference; explicitFileType = wrapper.cfbundle; includeInIndex = 0; path = MoviefyUITests.xctest; sourceTree = BUILT_PRODUCTS_DIR; };
		8EAEFCC82721A7F80016F325 /* MoviefyUITests.swift */ = {isa = PBXFileReference; lastKnownFileType = sourcecode.swift; path = MoviefyUITests.swift; sourceTree = "<group>"; };
		8EAEFCCA2721A7F80016F325 /* Info.plist */ = {isa = PBXFileReference; lastKnownFileType = text.plist.xml; path = Info.plist; sourceTree = "<group>"; };
		8EAEFCD02721B4A00016F325 /* RecentSearchSuggestionsDataSource.swift */ = {isa = PBXFileReference; lastKnownFileType = sourcecode.swift; path = RecentSearchSuggestionsDataSource.swift; sourceTree = "<group>"; };
		8EAEFCD22721B52C0016F325 /* RecentSearchSuggestionsTableViewCell.swift */ = {isa = PBXFileReference; lastKnownFileType = sourcecode.swift; path = RecentSearchSuggestionsTableViewCell.swift; sourceTree = "<group>"; };
		8EE4A86426FDF46C00388877 /* GenrePickerVIewController.swift */ = {isa = PBXFileReference; lastKnownFileType = sourcecode.swift; path = GenrePickerVIewController.swift; sourceTree = "<group>"; };
		8EE7782826FC855900C98DA5 /* GenreChipsCollectionViewDataSource.swift */ = {isa = PBXFileReference; lastKnownFileType = sourcecode.swift; path = GenreChipsCollectionViewDataSource.swift; sourceTree = "<group>"; };
		8EE7782A26FC8B7F00C98DA5 /* GenreChipsCollectionViewCell.swift */ = {isa = PBXFileReference; lastKnownFileType = sourcecode.swift; path = GenreChipsCollectionViewCell.swift; sourceTree = "<group>"; };
		8EE7782D26FC9B6300C98DA5 /* GenreChipsView.swift */ = {isa = PBXFileReference; lastKnownFileType = sourcecode.swift; path = GenreChipsView.swift; sourceTree = "<group>"; };
/* End PBXFileReference section */

/* Begin PBXFrameworksBuildPhase section */
		8E4A87CC26D7A1D3001985FA /* Frameworks */ = {
			isa = PBXFrameworksBuildPhase;
			buildActionMask = 2147483647;
			files = (
				8E99FEE02705F58D001DC33F /* RealmSwift in Frameworks */,
				8E99FEDE2705F58D001DC33F /* Realm in Frameworks */,
			);
			runOnlyForDeploymentPostprocessing = 0;
		};
		8E9357D7271F11B5000EB3E5 /* Frameworks */ = {
			isa = PBXFrameworksBuildPhase;
			buildActionMask = 2147483647;
			files = (
			);
			runOnlyForDeploymentPostprocessing = 0;
		};
		8EAEFCB3272040030016F325 /* Frameworks */ = {
			isa = PBXFrameworksBuildPhase;
			buildActionMask = 2147483647;
			files = (
			);
			runOnlyForDeploymentPostprocessing = 0;
		};
		8EAEFCC32721A7F80016F325 /* Frameworks */ = {
			isa = PBXFrameworksBuildPhase;
			buildActionMask = 2147483647;
			files = (
			);
			runOnlyForDeploymentPostprocessing = 0;
		};
/* End PBXFrameworksBuildPhase section */

/* Begin PBXGroup section */
		8E492C0826DF6962002FAF8C /* MoviesTableView */ = {
			isa = PBXGroup;
			children = (
				8E492C0C26DF6994002FAF8C /* MoviesTableViewCell.swift */,
				8E99FEF72710A7E6001DC33F /* MoviesTableViewHeader.swift */,
				8E9357CD2715A22A000EB3E5 /* MoviesTableView.swift */,
			);
			path = MoviesTableView;
			sourceTree = "<group>";
		};
		8E492C1926DF8E81002FAF8C /* MoviesCollectionView */ = {
			isa = PBXGroup;
			children = (
				8E492C2326E22D89002FAF8C /* Vertical */,
				8E9F27EE26DB6E8100E60D9F /* MoviesCollectionViewCell.swift */,
				8E9357D42716D67D000EB3E5 /* MoviesCollectionView.swift */,
			);
			path = MoviesCollectionView;
			sourceTree = "<group>";
		};
		8E492C2326E22D89002FAF8C /* Vertical */ = {
			isa = PBXGroup;
			children = (
				8EE7782726FC852E00C98DA5 /* CategoryCollectionView */,
				8EE7782626FC851B00C98DA5 /* GenreChipsCollectionView */,
			);
			path = Vertical;
			sourceTree = "<group>";
		};
		8E492C3426E7881A002FAF8C /* Animations */ = {
			isa = PBXGroup;
			children = (
				8E492C4226EB406C002FAF8C /* TransitionAnimator.swift */,
				8E99FEDA2704B2E0001DC33F /* InitialTransitionAnimatableContent.swift */,
				8E99FEEF270EF02B001DC33F /* PresentedTransitionAnimatableContent.swift */,
			);
			path = Animations;
			sourceTree = "<group>";
		};
		8E4A87C626D7A1D3001985FA = {
			isa = PBXGroup;
			children = (
				8E4A87D126D7A1D3001985FA /* Moviefy */,
				8E9357DB271F11B5000EB3E5 /* GenrePickingTests */,
				8EAEFCB7272040030016F325 /* FilterMoviesTest */,
				8EAEFCC72721A7F80016F325 /* MoviefyUITests */,
				8E4A87D026D7A1D3001985FA /* Products */,
			);
			sourceTree = "<group>";
		};
		8E4A87D026D7A1D3001985FA /* Products */ = {
			isa = PBXGroup;
			children = (
				8E4A87CF26D7A1D3001985FA /* Moviefy.app */,
				8E9357DA271F11B5000EB3E5 /* GenrePickingTests.xctest */,
				8EAEFCB6272040030016F325 /* FilterMoviesTest.xctest */,
				8EAEFCC62721A7F80016F325 /* MoviefyUITests.xctest */,
			);
			name = Products;
			sourceTree = "<group>";
		};
		8E4A87D126D7A1D3001985FA /* Moviefy */ = {
			isa = PBXGroup;
			children = (
				8E99FEF62710A79B001DC33F /* Delegates */,
				8E99FEF1270F3BA9001DC33F /* TransitionAnimatableContent */,
				8E492C3426E7881A002FAF8C /* Animations */,
				8E9F27F526DD0C1600E60D9F /* Services */,
				8E9F27DB26D8CD9400E60D9F /* ViewControllers */,
				8E99FEEB270C3A51001DC33F /* DataSources */,
				8E9F27C826D7D5B400E60D9F /* Utils */,
				8E9F27C626D7CFB600E60D9F /* View */,
				8E9F27BE26D7C42500E60D9F /* Model */,
				8E4A87D226D7A1D3001985FA /* AppDelegate.swift */,
				8E4A87D426D7A1D3001985FA /* SceneDelegate.swift */,
				8E4A87DB26D7A1E2001985FA /* Assets.xcassets */,
				8E4A87DD26D7A1E2001985FA /* LaunchScreen.storyboard */,
				8E4A87E026D7A1E2001985FA /* Info.plist */,
			);
			path = Moviefy;
			sourceTree = "<group>";
		};
		8E56E40526F48B07001ADF70 /* SearchMoviesTableView */ = {
			isa = PBXGroup;
			children = (
				8E56E40826F48B86001ADF70 /* SearchMoviesTableViewCell.swift */,
				8E9357C5271593A0000EB3E5 /* SearchMovieView.swift */,
				8EAEFCD22721B52C0016F325 /* RecentSearchSuggestionsTableViewCell.swift */,
			);
			path = SearchMoviesTableView;
			sourceTree = "<group>";
		};
		8E9357CF2715A4D8000EB3E5 /* MovieInfoView */ = {
			isa = PBXGroup;
			children = (
				8E9357D02715A51C000EB3E5 /* MovieInfoView.swift */,
			);
			path = MovieInfoView;
			sourceTree = "<group>";
		};
		8E9357DB271F11B5000EB3E5 /* GenrePickingTests */ = {
			isa = PBXGroup;
			children = (
				8E9357DC271F11B5000EB3E5 /* TestGenrePicking.swift */,
				8E9357DE271F11B5000EB3E5 /* Info.plist */,
			);
			path = GenrePickingTests;
			sourceTree = "<group>";
		};
		8E99FEE12705FA87001DC33F /* Entity */ = {
			isa = PBXGroup;
			children = (
				8E99FEE22705FA9B001DC33F /* MovieEntity.swift */,
				8E8C85B527229C9500B063F6 /* SuggestionEntity.swift */,
			);
			path = Entity;
			sourceTree = "<group>";
		};
		8E99FEEB270C3A51001DC33F /* DataSources */ = {
			isa = PBXGroup;
			children = (
				8EE7782826FC855900C98DA5 /* GenreChipsCollectionViewDataSource.swift */,
				8E492C2726E22FA7002FAF8C /* CategoryCollectionViewDataSource.swift */,
				8E492C0926DF6983002FAF8C /* MoviesTableViewDataSource.swift */,
				8E9F27F126DCD0B900E60D9F /* MoviesCollectionViewDataSource.swift */,
				8E56E40626F48B27001ADF70 /* SearchMoviesTableViewDataSource.swift */,
				8E99FEE72706F294001DC33F /* SavedMoviesCollectionViewDataSource.swift */,
				8E9357D22716D17F000EB3E5 /* GenrePickerViewControllerDataSource.swift */,
				8EAEFCD02721B4A00016F325 /* RecentSearchSuggestionsDataSource.swift */,
			);
			path = DataSources;
			sourceTree = "<group>";
		};
		8E99FEEC270C3A9E001DC33F /* Response */ = {
			isa = PBXGroup;
			children = (
				8E492C4826EF40E0002FAF8C /* GenresResponse.swift */,
				8E9F27C326D7CE4C00E60D9F /* MovieResponse.swift */,
				8E9F27E426D901A000E60D9F /* MoviesResponse.swift */,
				8E492C4B26EF414E002FAF8C /* GenreResponse.swift */,
			);
			path = Response;
			sourceTree = "<group>";
		};
		8E99FEF1270F3BA9001DC33F /* TransitionAnimatableContent */ = {
			isa = PBXGroup;
			children = (
				8E99FEF2270F3CA1001DC33F /* TransitioningDelegate.swift */,
			);
			path = TransitionAnimatableContent;
			sourceTree = "<group>";
		};
		8E99FEF62710A79B001DC33F /* Delegates */ = {
			isa = PBXGroup;
			children = (
				8E492C1D26E0C2DD002FAF8C /* MoviesTableViewDelegate.swift */,
				8E8C85B92722ACC300B063F6 /* RecentSearchSuggestionsTableViewDelegate.swift */,
			);
			path = Delegates;
			sourceTree = "<group>";
		};
		8E9F27BE26D7C42500E60D9F /* Model */ = {
			isa = PBXGroup;
			children = (
				8E99FEEC270C3A9E001DC33F /* Response */,
				8E99FEE12705FA87001DC33F /* Entity */,
				8E492C3F26E9FFF8002FAF8C /* Movie.swift */,
			);
			path = Model;
			sourceTree = "<group>";
		};
		8E9F27C626D7CFB600E60D9F /* View */ = {
			isa = PBXGroup;
			children = (
				8E47BACE2726A8B3001C18A6 /* CustomButtonDelete.swift */,
				8E9743CD273017C000FCD337 /* ThumbnailCell.swift */,
				8E9357CF2715A4D8000EB3E5 /* MovieInfoView */,
				8E56E40526F48B07001ADF70 /* SearchMoviesTableView */,
				8E492C1926DF8E81002FAF8C /* MoviesCollectionView */,
				8E492C0826DF6962002FAF8C /* MoviesTableView */,
			);
			path = View;
			sourceTree = "<group>";
		};
		8E9F27C826D7D5B400E60D9F /* Utils */ = {
			isa = PBXGroup;
			children = (
				8E9F27C926D7D5C500E60D9F /* Secrets.swift */,
				8E492C1326DF69E3002FAF8C /* EndPoint.swift */,
				8E192DD227032C2800AD1249 /* ImageProperties.swift */,
				8E99FEF427109A4B001DC33F /* Link.swift */,
				8EAEFCB027202D8B0016F325 /* GenrePickerHelper.swift */,
				8EAEFCC0272049ED0016F325 /* FilterHelper.swift */,
				8E9743C72727FB3000FCD337 /* RealmWriteTransactionHelper.swift */,
				8E9743C92728419200FCD337 /* ApiResponseCustomError.swift */,
				8E9743CB272FE77F00FCD337 /* ImageLoadingHelper.swift */,
			);
			path = Utils;
			sourceTree = "<group>";
		};
		8E9F27DB26D8CD9400E60D9F /* ViewControllers */ = {
			isa = PBXGroup;
			children = (
				8E56E40126F3779A001ADF70 /* SearchMoviesViewController.swift */,
				8E492C2426E22DE2002FAF8C /* CategoryCollectionViewViewController.swift */,
				8E4A87D626D7A1D3001985FA /* MoviesTableViewViewController.swift */,
				8E56E40326F38171001ADF70 /* RootTabBarViewController.swift */,
				8E492C3726E7CB02002FAF8C /* MovieInfoViewController.swift */,
				8EE4A86426FDF46C00388877 /* GenrePickerVIewController.swift */,
				8E99FEE42706F082001DC33F /* SavedMoviesViewController.swift */,
			);
			path = ViewControllers;
			sourceTree = "<group>";
		};
		8E9F27F526DD0C1600E60D9F /* Services */ = {
			isa = PBXGroup;
			children = (
				8E9F27F626DD0C3B00E60D9F /* MoviesService.swift */,
			);
			path = Services;
			sourceTree = "<group>";
		};
		8EAEFCB7272040030016F325 /* FilterMoviesTest */ = {
			isa = PBXGroup;
			children = (
				8EAEFCB8272040030016F325 /* FilterMoviesTest.swift */,
				8EAEFCBA272040030016F325 /* Info.plist */,
			);
			path = FilterMoviesTest;
			sourceTree = "<group>";
		};
		8EAEFCC72721A7F80016F325 /* MoviefyUITests */ = {
			isa = PBXGroup;
			children = (
				8EAEFCC82721A7F80016F325 /* MoviefyUITests.swift */,
				8EAEFCCA2721A7F80016F325 /* Info.plist */,
			);
			path = MoviefyUITests;
			sourceTree = "<group>";
		};
		8EE7782626FC851B00C98DA5 /* GenreChipsCollectionView */ = {
			isa = PBXGroup;
			children = (
				8EE7782A26FC8B7F00C98DA5 /* GenreChipsCollectionViewCell.swift */,
				8EE7782D26FC9B6300C98DA5 /* GenreChipsView.swift */,
				8E9357C927159813000EB3E5 /* GenreChipsCollectionView.swift */,
			);
			path = GenreChipsCollectionView;
			sourceTree = "<group>";
		};
		8EE7782726FC852E00C98DA5 /* CategoryCollectionView */ = {
			isa = PBXGroup;
			children = (
				8E492C2A26E74097002FAF8C /* CategoryCollectionViewCell.swift */,
				8E99FEED270C65D8001DC33F /* FooterIndicator.swift */,
				8E9357C7271597F9000EB3E5 /* CategoryCollectionView.swift */,
			);
			path = CategoryCollectionView;
			sourceTree = "<group>";
		};
/* End PBXGroup section */

/* Begin PBXNativeTarget section */
		8E4A87CE26D7A1D3001985FA /* Moviefy */ = {
			isa = PBXNativeTarget;
			buildConfigurationList = 8E4A87E326D7A1E2001985FA /* Build configuration list for PBXNativeTarget "Moviefy" */;
			buildPhases = (
				8E99FEFC2712E4BE001DC33F /* Run SwiftLint */,
				8E4A87CB26D7A1D3001985FA /* Sources */,
				8E4A87CC26D7A1D3001985FA /* Frameworks */,
				8E4A87CD26D7A1D3001985FA /* Resources */,
			);
			buildRules = (
			);
			dependencies = (
			);
			name = Moviefy;
			packageProductDependencies = (
				8E99FEDD2705F58D001DC33F /* Realm */,
				8E99FEDF2705F58D001DC33F /* RealmSwift */,
			);
			productName = Moviefy;
			productReference = 8E4A87CF26D7A1D3001985FA /* Moviefy.app */;
			productType = "com.apple.product-type.application";
		};
		8E9357D9271F11B5000EB3E5 /* GenrePickingTests */ = {
			isa = PBXNativeTarget;
			buildConfigurationList = 8E9357E1271F11B5000EB3E5 /* Build configuration list for PBXNativeTarget "GenrePickingTests" */;
			buildPhases = (
				8E9357D6271F11B5000EB3E5 /* Sources */,
				8E9357D7271F11B5000EB3E5 /* Frameworks */,
				8E9357D8271F11B5000EB3E5 /* Resources */,
			);
			buildRules = (
			);
			dependencies = (
				8E9357E0271F11B5000EB3E5 /* PBXTargetDependency */,
			);
			name = GenrePickingTests;
			productName = GenrePickingTests;
			productReference = 8E9357DA271F11B5000EB3E5 /* GenrePickingTests.xctest */;
			productType = "com.apple.product-type.bundle.unit-test";
		};
		8EAEFCB5272040030016F325 /* FilterMoviesTest */ = {
			isa = PBXNativeTarget;
			buildConfigurationList = 8EAEFCBD272040030016F325 /* Build configuration list for PBXNativeTarget "FilterMoviesTest" */;
			buildPhases = (
				8EAEFCB2272040030016F325 /* Sources */,
				8EAEFCB3272040030016F325 /* Frameworks */,
				8EAEFCB4272040030016F325 /* Resources */,
			);
			buildRules = (
			);
			dependencies = (
				8EAEFCBC272040030016F325 /* PBXTargetDependency */,
			);
			name = FilterMoviesTest;
			productName = FilterMoviesTest;
			productReference = 8EAEFCB6272040030016F325 /* FilterMoviesTest.xctest */;
			productType = "com.apple.product-type.bundle.unit-test";
		};
		8EAEFCC52721A7F80016F325 /* MoviefyUITests */ = {
			isa = PBXNativeTarget;
			buildConfigurationList = 8EAEFCCD2721A7F80016F325 /* Build configuration list for PBXNativeTarget "MoviefyUITests" */;
			buildPhases = (
				8EAEFCC22721A7F80016F325 /* Sources */,
				8EAEFCC32721A7F80016F325 /* Frameworks */,
				8EAEFCC42721A7F80016F325 /* Resources */,
			);
			buildRules = (
			);
			dependencies = (
				8EAEFCCC2721A7F80016F325 /* PBXTargetDependency */,
			);
			name = MoviefyUITests;
			productName = MoviefyUITests;
			productReference = 8EAEFCC62721A7F80016F325 /* MoviefyUITests.xctest */;
			productType = "com.apple.product-type.bundle.ui-testing";
		};
/* End PBXNativeTarget section */

/* Begin PBXProject section */
		8E4A87C726D7A1D3001985FA /* Project object */ = {
			isa = PBXProject;
			attributes = {
				LastSwiftUpdateCheck = 1250;
				LastUpgradeCheck = 1240;
				TargetAttributes = {
					8E4A87CE26D7A1D3001985FA = {
						CreatedOnToolsVersion = 12.4;
					};
					8E9357D9271F11B5000EB3E5 = {
						CreatedOnToolsVersion = 12.5.1;
						TestTargetID = 8E4A87CE26D7A1D3001985FA;
					};
					8EAEFCB5272040030016F325 = {
						CreatedOnToolsVersion = 12.5.1;
						TestTargetID = 8E4A87CE26D7A1D3001985FA;
					};
					8EAEFCC52721A7F80016F325 = {
						CreatedOnToolsVersion = 12.5.1;
						TestTargetID = 8E4A87CE26D7A1D3001985FA;
					};
				};
			};
			buildConfigurationList = 8E4A87CA26D7A1D3001985FA /* Build configuration list for PBXProject "Moviefy" */;
			compatibilityVersion = "Xcode 9.3";
			developmentRegion = en;
			hasScannedForEncodings = 0;
			knownRegions = (
				en,
				Base,
			);
			mainGroup = 8E4A87C626D7A1D3001985FA;
			packageReferences = (
				8E99FEDC2705F58D001DC33F /* XCRemoteSwiftPackageReference "realm-cocoa" */,
			);
			productRefGroup = 8E4A87D026D7A1D3001985FA /* Products */;
			projectDirPath = "";
			projectRoot = "";
			targets = (
				8E4A87CE26D7A1D3001985FA /* Moviefy */,
				8E9357D9271F11B5000EB3E5 /* GenrePickingTests */,
				8EAEFCB5272040030016F325 /* FilterMoviesTest */,
				8EAEFCC52721A7F80016F325 /* MoviefyUITests */,
			);
		};
/* End PBXProject section */

/* Begin PBXResourcesBuildPhase section */
		8E4A87CD26D7A1D3001985FA /* Resources */ = {
			isa = PBXResourcesBuildPhase;
			buildActionMask = 2147483647;
			files = (
				8E4A87DF26D7A1E2001985FA /* LaunchScreen.storyboard in Resources */,
				8E4A87DC26D7A1E2001985FA /* Assets.xcassets in Resources */,
			);
			runOnlyForDeploymentPostprocessing = 0;
		};
		8E9357D8271F11B5000EB3E5 /* Resources */ = {
			isa = PBXResourcesBuildPhase;
			buildActionMask = 2147483647;
			files = (
			);
			runOnlyForDeploymentPostprocessing = 0;
		};
		8EAEFCB4272040030016F325 /* Resources */ = {
			isa = PBXResourcesBuildPhase;
			buildActionMask = 2147483647;
			files = (
			);
			runOnlyForDeploymentPostprocessing = 0;
		};
		8EAEFCC42721A7F80016F325 /* Resources */ = {
			isa = PBXResourcesBuildPhase;
			buildActionMask = 2147483647;
			files = (
			);
			runOnlyForDeploymentPostprocessing = 0;
		};
/* End PBXResourcesBuildPhase section */

/* Begin PBXShellScriptBuildPhase section */
		8E99FEFC2712E4BE001DC33F /* Run SwiftLint */ = {
			isa = PBXShellScriptBuildPhase;
			buildActionMask = 2147483647;
			files = (
			);
			inputFileListPaths = (
			);
			inputPaths = (
			);
			name = "Run SwiftLint";
			outputFileListPaths = (
			);
			outputPaths = (
			);
			runOnlyForDeploymentPostprocessing = 0;
			shellPath = /bin/sh;
			shellScript = "if which swiftlint >/dev/null; then\n  swiftlint\nelse\n  echo \"warning: SwiftLint not installed, download from https://github.com/realm/SwiftLint\"\nfi\n";
		};
/* End PBXShellScriptBuildPhase section */

/* Begin PBXSourcesBuildPhase section */
		8E4A87CB26D7A1D3001985FA /* Sources */ = {
			isa = PBXSourcesBuildPhase;
			buildActionMask = 2147483647;
			files = (
				8E9743CE273017C000FCD337 /* ThumbnailCell.swift in Sources */,
				8E56E40926F48B86001ADF70 /* SearchMoviesTableViewCell.swift in Sources */,
				8EAEFCC1272049ED0016F325 /* FilterHelper.swift in Sources */,
				8E9743C82727FB3000FCD337 /* RealmWriteTransactionHelper.swift in Sources */,
				8E8C85BA2722ACC300B063F6 /* RecentSearchSuggestionsTableViewDelegate.swift in Sources */,
				8E9743CC272FE77F00FCD337 /* ImageLoadingHelper.swift in Sources */,
				8E492C2826E22FA7002FAF8C /* CategoryCollectionViewDataSource.swift in Sources */,
				8E492C1426DF69E3002FAF8C /* EndPoint.swift in Sources */,
				8E99FEEE270C65D8001DC33F /* FooterIndicator.swift in Sources */,
				8E492C4C26EF414E002FAF8C /* GenreResponse.swift in Sources */,
				8E56E40726F48B27001ADF70 /* SearchMoviesTableViewDataSource.swift in Sources */,
				8E9357D52716D67D000EB3E5 /* MoviesCollectionView.swift in Sources */,
				8E9F27EF26DB6E8100E60D9F /* MoviesCollectionViewCell.swift in Sources */,
				8E4A87D726D7A1D3001985FA /* MoviesTableViewViewController.swift in Sources */,
				8E99FEE52706F082001DC33F /* SavedMoviesViewController.swift in Sources */,
				8EAEFCB127202D8B0016F325 /* GenrePickerHelper.swift in Sources */,
				8E99FEE82706F294001DC33F /* SavedMoviesCollectionViewDataSource.swift in Sources */,
				8E492C1E26E0C2DD002FAF8C /* MoviesTableViewDelegate.swift in Sources */,
				8EE4A86526FDF46C00388877 /* GenrePickerVIewController.swift in Sources */,
				8E9F27CA26D7D5C500E60D9F /* Secrets.swift in Sources */,
				8E99FEF0270EF02B001DC33F /* PresentedTransitionAnimatableContent.swift in Sources */,
				8E492C2B26E74097002FAF8C /* CategoryCollectionViewCell.swift in Sources */,
				8E99FEF527109A4B001DC33F /* Link.swift in Sources */,
				8E8C85B627229C9500B063F6 /* SuggestionEntity.swift in Sources */,
				8E4A87D326D7A1D3001985FA /* AppDelegate.swift in Sources */,
				8E492C4926EF40E0002FAF8C /* GenresResponse.swift in Sources */,
				8E9357CE2715A22A000EB3E5 /* MoviesTableView.swift in Sources */,
				8E9357C8271597F9000EB3E5 /* CategoryCollectionView.swift in Sources */,
				8E9357CA27159813000EB3E5 /* GenreChipsCollectionView.swift in Sources */,
				8E192DD327032C2800AD1249 /* ImageProperties.swift in Sources */,
				8E492C4326EB406C002FAF8C /* TransitionAnimator.swift in Sources */,
				8E9F27E526D901A000E60D9F /* MoviesResponse.swift in Sources */,
				8E99FEF82710A7E6001DC33F /* MoviesTableViewHeader.swift in Sources */,
				8E56E40426F38171001ADF70 /* RootTabBarViewController.swift in Sources */,
				8EAEFCD32721B52C0016F325 /* RecentSearchSuggestionsTableViewCell.swift in Sources */,
				8E9F27C426D7CE4C00E60D9F /* MovieResponse.swift in Sources */,
				8E99FEDB2704B2E0001DC33F /* InitialTransitionAnimatableContent.swift in Sources */,
				8EE7782926FC855900C98DA5 /* GenreChipsCollectionViewDataSource.swift in Sources */,
				8E492C0D26DF6994002FAF8C /* MoviesTableViewCell.swift in Sources */,
				8EE7782E26FC9B6300C98DA5 /* GenreChipsView.swift in Sources */,
				8EE7782B26FC8B7F00C98DA5 /* GenreChipsCollectionViewCell.swift in Sources */,
				8E9357D32716D17F000EB3E5 /* GenrePickerViewControllerDataSource.swift in Sources */,
				8EAEFCD12721B4A00016F325 /* RecentSearchSuggestionsDataSource.swift in Sources */,
				8E47BACF2726A8B3001C18A6 /* CustomButtonDelete.swift in Sources */,
				8E99FEF3270F3CA1001DC33F /* TransitioningDelegate.swift in Sources */,
				8E492C2526E22DE2002FAF8C /* CategoryCollectionViewViewController.swift in Sources */,
				8E9F27F726DD0C3B00E60D9F /* MoviesService.swift in Sources */,
				8E99FEE32705FA9B001DC33F /* MovieEntity.swift in Sources */,
				8E56E40226F3779A001ADF70 /* SearchMoviesViewController.swift in Sources */,
				8E9743CA2728419200FCD337 /* ApiResponseCustomError.swift in Sources */,
				8E492C4026E9FFF8002FAF8C /* Movie.swift in Sources */,
				8E4A87D526D7A1D3001985FA /* SceneDelegate.swift in Sources */,
				8E492C0A26DF6983002FAF8C /* MoviesTableViewDataSource.swift in Sources */,
				8E9357C6271593A0000EB3E5 /* SearchMovieView.swift in Sources */,
				8E9357D12715A51C000EB3E5 /* MovieInfoView.swift in Sources */,
				8E492C3826E7CB02002FAF8C /* MovieInfoViewController.swift in Sources */,
				8E9F27F226DCD0B900E60D9F /* MoviesCollectionViewDataSource.swift in Sources */,
			);
			runOnlyForDeploymentPostprocessing = 0;
		};
		8E9357D6271F11B5000EB3E5 /* Sources */ = {
			isa = PBXSourcesBuildPhase;
			buildActionMask = 2147483647;
			files = (
				8E9357DD271F11B5000EB3E5 /* TestGenrePicking.swift in Sources */,
			);
			runOnlyForDeploymentPostprocessing = 0;
		};
		8EAEFCB2272040030016F325 /* Sources */ = {
			isa = PBXSourcesBuildPhase;
			buildActionMask = 2147483647;
			files = (
				8EAEFCB9272040030016F325 /* FilterMoviesTest.swift in Sources */,
			);
			runOnlyForDeploymentPostprocessing = 0;
		};
		8EAEFCC22721A7F80016F325 /* Sources */ = {
			isa = PBXSourcesBuildPhase;
			buildActionMask = 2147483647;
			files = (
				8EAEFCC92721A7F80016F325 /* MoviefyUITests.swift in Sources */,
			);
			runOnlyForDeploymentPostprocessing = 0;
		};
/* End PBXSourcesBuildPhase section */

/* Begin PBXTargetDependency section */
		8E9357E0271F11B5000EB3E5 /* PBXTargetDependency */ = {
			isa = PBXTargetDependency;
			target = 8E4A87CE26D7A1D3001985FA /* Moviefy */;
			targetProxy = 8E9357DF271F11B5000EB3E5 /* PBXContainerItemProxy */;
		};
		8EAEFCBC272040030016F325 /* PBXTargetDependency */ = {
			isa = PBXTargetDependency;
			target = 8E4A87CE26D7A1D3001985FA /* Moviefy */;
			targetProxy = 8EAEFCBB272040030016F325 /* PBXContainerItemProxy */;
		};
		8EAEFCCC2721A7F80016F325 /* PBXTargetDependency */ = {
			isa = PBXTargetDependency;
			target = 8E4A87CE26D7A1D3001985FA /* Moviefy */;
			targetProxy = 8EAEFCCB2721A7F80016F325 /* PBXContainerItemProxy */;
		};
/* End PBXTargetDependency section */

/* Begin PBXVariantGroup section */
		8E4A87DD26D7A1E2001985FA /* LaunchScreen.storyboard */ = {
			isa = PBXVariantGroup;
			children = (
				8E4A87DE26D7A1E2001985FA /* Base */,
			);
			name = LaunchScreen.storyboard;
			sourceTree = "<group>";
		};
/* End PBXVariantGroup section */

/* Begin XCBuildConfiguration section */
		8E4A87E126D7A1E2001985FA /* Debug */ = {
			isa = XCBuildConfiguration;
			buildSettings = {
				ALWAYS_SEARCH_USER_PATHS = NO;
				CLANG_ANALYZER_NONNULL = YES;
				CLANG_ANALYZER_NUMBER_OBJECT_CONVERSION = YES_AGGRESSIVE;
				CLANG_CXX_LANGUAGE_STANDARD = "gnu++14";
				CLANG_CXX_LIBRARY = "libc++";
				CLANG_ENABLE_MODULES = YES;
				CLANG_ENABLE_OBJC_ARC = YES;
				CLANG_ENABLE_OBJC_WEAK = YES;
				CLANG_WARN_BLOCK_CAPTURE_AUTORELEASING = YES;
				CLANG_WARN_BOOL_CONVERSION = YES;
				CLANG_WARN_COMMA = YES;
				CLANG_WARN_CONSTANT_CONVERSION = YES;
				CLANG_WARN_DEPRECATED_OBJC_IMPLEMENTATIONS = YES;
				CLANG_WARN_DIRECT_OBJC_ISA_USAGE = YES_ERROR;
				CLANG_WARN_DOCUMENTATION_COMMENTS = YES;
				CLANG_WARN_EMPTY_BODY = YES;
				CLANG_WARN_ENUM_CONVERSION = YES;
				CLANG_WARN_INFINITE_RECURSION = YES;
				CLANG_WARN_INT_CONVERSION = YES;
				CLANG_WARN_NON_LITERAL_NULL_CONVERSION = YES;
				CLANG_WARN_OBJC_IMPLICIT_RETAIN_SELF = YES;
				CLANG_WARN_OBJC_LITERAL_CONVERSION = YES;
				CLANG_WARN_OBJC_ROOT_CLASS = YES_ERROR;
				CLANG_WARN_QUOTED_INCLUDE_IN_FRAMEWORK_HEADER = YES;
				CLANG_WARN_RANGE_LOOP_ANALYSIS = YES;
				CLANG_WARN_STRICT_PROTOTYPES = YES;
				CLANG_WARN_SUSPICIOUS_MOVE = YES;
				CLANG_WARN_UNGUARDED_AVAILABILITY = YES_AGGRESSIVE;
				CLANG_WARN_UNREACHABLE_CODE = YES;
				CLANG_WARN__DUPLICATE_METHOD_MATCH = YES;
				COPY_PHASE_STRIP = NO;
				DEBUG_INFORMATION_FORMAT = dwarf;
				ENABLE_STRICT_OBJC_MSGSEND = YES;
				ENABLE_TESTABILITY = YES;
				GCC_C_LANGUAGE_STANDARD = gnu11;
				GCC_DYNAMIC_NO_PIC = NO;
				GCC_NO_COMMON_BLOCKS = YES;
				GCC_OPTIMIZATION_LEVEL = 0;
				GCC_PREPROCESSOR_DEFINITIONS = (
					"DEBUG=1",
					"$(inherited)",
				);
				GCC_WARN_64_TO_32_BIT_CONVERSION = YES;
				GCC_WARN_ABOUT_RETURN_TYPE = YES_ERROR;
				GCC_WARN_UNDECLARED_SELECTOR = YES;
				GCC_WARN_UNINITIALIZED_AUTOS = YES_AGGRESSIVE;
				GCC_WARN_UNUSED_FUNCTION = YES;
				GCC_WARN_UNUSED_VARIABLE = YES;
				IPHONEOS_DEPLOYMENT_TARGET = 14.4;
				MTL_ENABLE_DEBUG_INFO = INCLUDE_SOURCE;
				MTL_FAST_MATH = YES;
				ONLY_ACTIVE_ARCH = YES;
				SDKROOT = iphoneos;
				SWIFT_ACTIVE_COMPILATION_CONDITIONS = DEBUG;
				SWIFT_OPTIMIZATION_LEVEL = "-Onone";
			};
			name = Debug;
		};
		8E4A87E226D7A1E2001985FA /* Release */ = {
			isa = XCBuildConfiguration;
			buildSettings = {
				ALWAYS_SEARCH_USER_PATHS = NO;
				CLANG_ANALYZER_NONNULL = YES;
				CLANG_ANALYZER_NUMBER_OBJECT_CONVERSION = YES_AGGRESSIVE;
				CLANG_CXX_LANGUAGE_STANDARD = "gnu++14";
				CLANG_CXX_LIBRARY = "libc++";
				CLANG_ENABLE_MODULES = YES;
				CLANG_ENABLE_OBJC_ARC = YES;
				CLANG_ENABLE_OBJC_WEAK = YES;
				CLANG_WARN_BLOCK_CAPTURE_AUTORELEASING = YES;
				CLANG_WARN_BOOL_CONVERSION = YES;
				CLANG_WARN_COMMA = YES;
				CLANG_WARN_CONSTANT_CONVERSION = YES;
				CLANG_WARN_DEPRECATED_OBJC_IMPLEMENTATIONS = YES;
				CLANG_WARN_DIRECT_OBJC_ISA_USAGE = YES_ERROR;
				CLANG_WARN_DOCUMENTATION_COMMENTS = YES;
				CLANG_WARN_EMPTY_BODY = YES;
				CLANG_WARN_ENUM_CONVERSION = YES;
				CLANG_WARN_INFINITE_RECURSION = YES;
				CLANG_WARN_INT_CONVERSION = YES;
				CLANG_WARN_NON_LITERAL_NULL_CONVERSION = YES;
				CLANG_WARN_OBJC_IMPLICIT_RETAIN_SELF = YES;
				CLANG_WARN_OBJC_LITERAL_CONVERSION = YES;
				CLANG_WARN_OBJC_ROOT_CLASS = YES_ERROR;
				CLANG_WARN_QUOTED_INCLUDE_IN_FRAMEWORK_HEADER = YES;
				CLANG_WARN_RANGE_LOOP_ANALYSIS = YES;
				CLANG_WARN_STRICT_PROTOTYPES = YES;
				CLANG_WARN_SUSPICIOUS_MOVE = YES;
				CLANG_WARN_UNGUARDED_AVAILABILITY = YES_AGGRESSIVE;
				CLANG_WARN_UNREACHABLE_CODE = YES;
				CLANG_WARN__DUPLICATE_METHOD_MATCH = YES;
				COPY_PHASE_STRIP = NO;
				DEBUG_INFORMATION_FORMAT = "dwarf-with-dsym";
				ENABLE_NS_ASSERTIONS = NO;
				ENABLE_STRICT_OBJC_MSGSEND = YES;
				GCC_C_LANGUAGE_STANDARD = gnu11;
				GCC_NO_COMMON_BLOCKS = YES;
				GCC_WARN_64_TO_32_BIT_CONVERSION = YES;
				GCC_WARN_ABOUT_RETURN_TYPE = YES_ERROR;
				GCC_WARN_UNDECLARED_SELECTOR = YES;
				GCC_WARN_UNINITIALIZED_AUTOS = YES_AGGRESSIVE;
				GCC_WARN_UNUSED_FUNCTION = YES;
				GCC_WARN_UNUSED_VARIABLE = YES;
				IPHONEOS_DEPLOYMENT_TARGET = 14.4;
				MTL_ENABLE_DEBUG_INFO = NO;
				MTL_FAST_MATH = YES;
				SDKROOT = iphoneos;
				SWIFT_COMPILATION_MODE = wholemodule;
				SWIFT_OPTIMIZATION_LEVEL = "-O";
				VALIDATE_PRODUCT = YES;
			};
			name = Release;
		};
		8E4A87E426D7A1E2001985FA /* Debug */ = {
			isa = XCBuildConfiguration;
			buildSettings = {
				ASSETCATALOG_COMPILER_APPICON_NAME = AppIcon;
				ASSETCATALOG_COMPILER_GLOBAL_ACCENT_COLOR_NAME = AccentColor;
				CODE_SIGN_IDENTITY = "Apple Development";
				CODE_SIGN_STYLE = Automatic;
				DEVELOPMENT_TEAM = 553GFM6GWL;
				INFOPLIST_FILE = Moviefy/Info.plist;
				LD_RUNPATH_SEARCH_PATHS = (
					"$(inherited)",
					"@executable_path/Frameworks",
				);
				PRODUCT_BUNDLE_IDENTIFIER = net.Moviefy;
				PRODUCT_NAME = "$(TARGET_NAME)";
				PROVISIONING_PROFILE_SPECIFIER = "";
				SWIFT_VERSION = 5.0;
				TARGETED_DEVICE_FAMILY = "1,2";
			};
			name = Debug;
		};
		8E4A87E526D7A1E2001985FA /* Release */ = {
			isa = XCBuildConfiguration;
			buildSettings = {
				ASSETCATALOG_COMPILER_APPICON_NAME = AppIcon;
				ASSETCATALOG_COMPILER_GLOBAL_ACCENT_COLOR_NAME = AccentColor;
				CODE_SIGN_IDENTITY = "Apple Development";
				CODE_SIGN_STYLE = Automatic;
				DEVELOPMENT_TEAM = 553GFM6GWL;
				INFOPLIST_FILE = Moviefy/Info.plist;
				LD_RUNPATH_SEARCH_PATHS = (
					"$(inherited)",
					"@executable_path/Frameworks",
				);
				PRODUCT_BUNDLE_IDENTIFIER = net.Moviefy;
				PRODUCT_NAME = "$(TARGET_NAME)";
				PROVISIONING_PROFILE_SPECIFIER = "";
				SWIFT_VERSION = 5.0;
				TARGETED_DEVICE_FAMILY = "1,2";
			};
			name = Release;
		};
		8E9357E2271F11B5000EB3E5 /* Debug */ = {
			isa = XCBuildConfiguration;
			buildSettings = {
				BUNDLE_LOADER = "$(TEST_HOST)";
				CODE_SIGN_STYLE = Automatic;
				INFOPLIST_FILE = GenrePickingTests/Info.plist;
				IPHONEOS_DEPLOYMENT_TARGET = 14.5;
				LD_RUNPATH_SEARCH_PATHS = (
					"$(inherited)",
					"@executable_path/Frameworks",
					"@loader_path/Frameworks",
				);
				PRODUCT_BUNDLE_IDENTIFIER = net.nemetschek.bg.GenrePickingTests;
				PRODUCT_NAME = "$(TARGET_NAME)";
				SWIFT_VERSION = 5.0;
				TARGETED_DEVICE_FAMILY = "1,2";
				TEST_HOST = "$(BUILT_PRODUCTS_DIR)/Moviefy.app/Moviefy";
			};
			name = Debug;
		};
		8E9357E3271F11B5000EB3E5 /* Release */ = {
			isa = XCBuildConfiguration;
			buildSettings = {
				BUNDLE_LOADER = "$(TEST_HOST)";
				CODE_SIGN_STYLE = Automatic;
				INFOPLIST_FILE = GenrePickingTests/Info.plist;
				IPHONEOS_DEPLOYMENT_TARGET = 14.5;
				LD_RUNPATH_SEARCH_PATHS = (
					"$(inherited)",
					"@executable_path/Frameworks",
					"@loader_path/Frameworks",
				);
				PRODUCT_BUNDLE_IDENTIFIER = net.nemetschek.bg.GenrePickingTests;
				PRODUCT_NAME = "$(TARGET_NAME)";
				SWIFT_VERSION = 5.0;
				TARGETED_DEVICE_FAMILY = "1,2";
				TEST_HOST = "$(BUILT_PRODUCTS_DIR)/Moviefy.app/Moviefy";
			};
			name = Release;
		};
		8EAEFCBE272040030016F325 /* Debug */ = {
			isa = XCBuildConfiguration;
			buildSettings = {
				BUNDLE_LOADER = "$(TEST_HOST)";
				CODE_SIGN_STYLE = Automatic;
				INFOPLIST_FILE = FilterMoviesTest/Info.plist;
				IPHONEOS_DEPLOYMENT_TARGET = 14.5;
				LD_RUNPATH_SEARCH_PATHS = (
					"$(inherited)",
					"@executable_path/Frameworks",
					"@loader_path/Frameworks",
				);
				PRODUCT_BUNDLE_IDENTIFIER = net.nemetschek.bg.FilterMoviesTest;
				PRODUCT_NAME = "$(TARGET_NAME)";
				SWIFT_VERSION = 5.0;
				TARGETED_DEVICE_FAMILY = "1,2";
				TEST_HOST = "$(BUILT_PRODUCTS_DIR)/Moviefy.app/Moviefy";
			};
			name = Debug;
		};
		8EAEFCBF272040030016F325 /* Release */ = {
			isa = XCBuildConfiguration;
			buildSettings = {
				BUNDLE_LOADER = "$(TEST_HOST)";
				CODE_SIGN_STYLE = Automatic;
				INFOPLIST_FILE = FilterMoviesTest/Info.plist;
				IPHONEOS_DEPLOYMENT_TARGET = 14.5;
				LD_RUNPATH_SEARCH_PATHS = (
					"$(inherited)",
					"@executable_path/Frameworks",
					"@loader_path/Frameworks",
				);
				PRODUCT_BUNDLE_IDENTIFIER = net.nemetschek.bg.FilterMoviesTest;
				PRODUCT_NAME = "$(TARGET_NAME)";
				SWIFT_VERSION = 5.0;
				TARGETED_DEVICE_FAMILY = "1,2";
				TEST_HOST = "$(BUILT_PRODUCTS_DIR)/Moviefy.app/Moviefy";
			};
			name = Release;
		};
		8EAEFCCE2721A7F80016F325 /* Debug */ = {
			isa = XCBuildConfiguration;
			buildSettings = {
				CODE_SIGN_STYLE = Automatic;
				INFOPLIST_FILE = MoviefyUITests/Info.plist;
				IPHONEOS_DEPLOYMENT_TARGET = 14.5;
				LD_RUNPATH_SEARCH_PATHS = (
					"$(inherited)",
					"@executable_path/Frameworks",
					"@loader_path/Frameworks",
				);
				PRODUCT_BUNDLE_IDENTIFIER = net.nemetschek.bg.MoviefyUITests;
				PRODUCT_NAME = "$(TARGET_NAME)";
				SWIFT_VERSION = 5.0;
				TARGETED_DEVICE_FAMILY = "1,2";
				TEST_TARGET_NAME = Moviefy;
			};
			name = Debug;
		};
		8EAEFCCF2721A7F80016F325 /* Release */ = {
			isa = XCBuildConfiguration;
			buildSettings = {
				CODE_SIGN_STYLE = Automatic;
				INFOPLIST_FILE = MoviefyUITests/Info.plist;
				IPHONEOS_DEPLOYMENT_TARGET = 14.5;
				LD_RUNPATH_SEARCH_PATHS = (
					"$(inherited)",
					"@executable_path/Frameworks",
					"@loader_path/Frameworks",
				);
				PRODUCT_BUNDLE_IDENTIFIER = net.nemetschek.bg.MoviefyUITests;
				PRODUCT_NAME = "$(TARGET_NAME)";
				SWIFT_VERSION = 5.0;
				TARGETED_DEVICE_FAMILY = "1,2";
				TEST_TARGET_NAME = Moviefy;
			};
			name = Release;
		};
/* End XCBuildConfiguration section */

/* Begin XCConfigurationList section */
		8E4A87CA26D7A1D3001985FA /* Build configuration list for PBXProject "Moviefy" */ = {
			isa = XCConfigurationList;
			buildConfigurations = (
				8E4A87E126D7A1E2001985FA /* Debug */,
				8E4A87E226D7A1E2001985FA /* Release */,
			);
			defaultConfigurationIsVisible = 0;
			defaultConfigurationName = Release;
		};
		8E4A87E326D7A1E2001985FA /* Build configuration list for PBXNativeTarget "Moviefy" */ = {
			isa = XCConfigurationList;
			buildConfigurations = (
				8E4A87E426D7A1E2001985FA /* Debug */,
				8E4A87E526D7A1E2001985FA /* Release */,
			);
			defaultConfigurationIsVisible = 0;
			defaultConfigurationName = Release;
		};
		8E9357E1271F11B5000EB3E5 /* Build configuration list for PBXNativeTarget "GenrePickingTests" */ = {
			isa = XCConfigurationList;
			buildConfigurations = (
				8E9357E2271F11B5000EB3E5 /* Debug */,
				8E9357E3271F11B5000EB3E5 /* Release */,
			);
			defaultConfigurationIsVisible = 0;
			defaultConfigurationName = Release;
		};
		8EAEFCBD272040030016F325 /* Build configuration list for PBXNativeTarget "FilterMoviesTest" */ = {
			isa = XCConfigurationList;
			buildConfigurations = (
				8EAEFCBE272040030016F325 /* Debug */,
				8EAEFCBF272040030016F325 /* Release */,
			);
			defaultConfigurationIsVisible = 0;
			defaultConfigurationName = Release;
		};
		8EAEFCCD2721A7F80016F325 /* Build configuration list for PBXNativeTarget "MoviefyUITests" */ = {
			isa = XCConfigurationList;
			buildConfigurations = (
				8EAEFCCE2721A7F80016F325 /* Debug */,
				8EAEFCCF2721A7F80016F325 /* Release */,
			);
			defaultConfigurationIsVisible = 0;
			defaultConfigurationName = Release;
		};
/* End XCConfigurationList section */

/* Begin XCRemoteSwiftPackageReference section */
		8E99FEDC2705F58D001DC33F /* XCRemoteSwiftPackageReference "realm-cocoa" */ = {
			isa = XCRemoteSwiftPackageReference;
			repositoryURL = "https://github.com/realm/realm-cocoa";
			requirement = {
				kind = upToNextMajorVersion;
				minimumVersion = 10.16.0;
			};
		};
/* End XCRemoteSwiftPackageReference section */

/* Begin XCSwiftPackageProductDependency section */
		8E99FEDD2705F58D001DC33F /* Realm */ = {
			isa = XCSwiftPackageProductDependency;
			package = 8E99FEDC2705F58D001DC33F /* XCRemoteSwiftPackageReference "realm-cocoa" */;
			productName = Realm;
		};
		8E99FEDF2705F58D001DC33F /* RealmSwift */ = {
			isa = XCSwiftPackageProductDependency;
			package = 8E99FEDC2705F58D001DC33F /* XCRemoteSwiftPackageReference "realm-cocoa" */;
			productName = RealmSwift;
		};
/* End XCSwiftPackageProductDependency section */
	};
	rootObject = 8E4A87C726D7A1D3001985FA /* Project object */;
}
